
Microsoft Visual Studio Solution File, Format Version 12.00
# Visual Studio Version 17
VisualStudioVersion = 17.7.34221.43
MinimumVisualStudioVersion = 10.0.40219.1
Project("{FAE04EC0-301F-11D3-BF4B-00C04F79EFBC}") = "TipShaping", "TipShaping.csproj", "{C88B20E2-48E4-4454-91CF-E97B0DFAF09A}"
EndProject
Global
	GlobalSection(SolutionConfigurationPlatforms) = preSolution
		Debug|Any CPU = Debug|Any CPU
		Release|Any CPU = Release|Any CPU
	EndGlobalSection
	GlobalSection(ProjectConfigurationPlatforms) = postSolution
		{C88B20E2-48E4-4454-91CF-E97B0DFAF09A}.Debug|Any CPU.ActiveCfg = Debug|Any CPU
		{C88B20E2-48E4-4454-91CF-E97B0DFAF09A}.Debug|Any CPU.Build.0 = Debug|Any CPU
		{C88B20E2-48E4-4454-91CF-E97B0DFAF09A}.Release|Any CPU.ActiveCfg = Release|Any CPU
		{C88B20E2-48E4-4454-91CF-E97B0DFAF09A}.Release|Any CPU.Build.0 = Release|Any CPU
	EndGlobalSection
	GlobalSection(SolutionProperties) = preSolution
		HideSolutionNode = FALSE
	EndGlobalSection
	GlobalSection(ExtensibilityGlobals) = postSolution
		SolutionGuid = {E0BABF80-7887-4D46-9D69-76BAF80F4110}
	EndGlobalSection
EndGlobal
